
Microsoft Visual Studio Solution File, Format Version 12.00
Project("{FAE04EC0-301F-11D3-BF4B-00C04F79EFBC}") = "Uebung0", "Uebung0\Uebung0.csproj", "{0B87B94A-0806-4CAD-928B-B87C090DA14A}"
EndProject
Project("{FAE04EC0-301F-11D3-BF4B-00C04F79EFBC}") = "Uebung1", "Uebung1\Uebung1.csproj", "{1BFFD923-62DC-4509-A484-F8A1CBA7B474}"
EndProject
Project("{FAE04EC0-301F-11D3-BF4B-00C04F79EFBC}") = "Uebung2", "Uebung2\Uebung2.csproj", "{881FB839-7503-47EA-A11E-0A90A91F519F}"
EndProject
Project("{FAE04EC0-301F-11D3-BF4B-00C04F79EFBC}") = "Uebung3", "Uebung3\Uebung3.csproj", "{A38A58F5-10DA-4EA4-81C3-2FE12F474496}"
EndProject
Project("{FAE04EC0-301F-11D3-BF4B-00C04F79EFBC}") = "Uebung4", "Uebung4\Uebung4.csproj", "{7EC29BA5-6463-4B35-82DE-4F80746AAD8E}"
EndProject
Global
	GlobalSection(SolutionConfigurationPlatforms) = preSolution
		Debug|Any CPU = Debug|Any CPU
		Release|Any CPU = Release|Any CPU
	EndGlobalSection
	GlobalSection(ProjectConfigurationPlatforms) = postSolution
		{0B87B94A-0806-4CAD-928B-B87C090DA14A}.Debug|Any CPU.ActiveCfg = Debug|Any CPU
		{0B87B94A-0806-4CAD-928B-B87C090DA14A}.Debug|Any CPU.Build.0 = Debug|Any CPU
		{0B87B94A-0806-4CAD-928B-B87C090DA14A}.Release|Any CPU.ActiveCfg = Release|Any CPU
		{0B87B94A-0806-4CAD-928B-B87C090DA14A}.Release|Any CPU.Build.0 = Release|Any CPU
		{1BFFD923-62DC-4509-A484-F8A1CBA7B474}.Debug|Any CPU.ActiveCfg = Debug|Any CPU
		{1BFFD923-62DC-4509-A484-F8A1CBA7B474}.Debug|Any CPU.Build.0 = Debug|Any CPU
		{1BFFD923-62DC-4509-A484-F8A1CBA7B474}.Release|Any CPU.ActiveCfg = Release|Any CPU
		{1BFFD923-62DC-4509-A484-F8A1CBA7B474}.Release|Any CPU.Build.0 = Release|Any CPU
		{881FB839-7503-47EA-A11E-0A90A91F519F}.Debug|Any CPU.ActiveCfg = Debug|Any CPU
		{881FB839-7503-47EA-A11E-0A90A91F519F}.Debug|Any CPU.Build.0 = Debug|Any CPU
		{881FB839-7503-47EA-A11E-0A90A91F519F}.Release|Any CPU.ActiveCfg = Release|Any CPU
		{881FB839-7503-47EA-A11E-0A90A91F519F}.Release|Any CPU.Build.0 = Release|Any CPU
		{A38A58F5-10DA-4EA4-81C3-2FE12F474496}.Debug|Any CPU.ActiveCfg = Debug|Any CPU
		{A38A58F5-10DA-4EA4-81C3-2FE12F474496}.Debug|Any CPU.Build.0 = Debug|Any CPU
		{A38A58F5-10DA-4EA4-81C3-2FE12F474496}.Release|Any CPU.ActiveCfg = Release|Any CPU
		{A38A58F5-10DA-4EA4-81C3-2FE12F474496}.Release|Any CPU.Build.0 = Release|Any CPU
		{7EC29BA5-6463-4B35-82DE-4F80746AAD8E}.Debug|Any CPU.ActiveCfg = Debug|Any CPU
		{7EC29BA5-6463-4B35-82DE-4F80746AAD8E}.Debug|Any CPU.Build.0 = Debug|Any CPU
		{7EC29BA5-6463-4B35-82DE-4F80746AAD8E}.Release|Any CPU.ActiveCfg = Release|Any CPU
		{7EC29BA5-6463-4B35-82DE-4F80746AAD8E}.Release|Any CPU.Build.0 = Release|Any CPU
	EndGlobalSection
EndGlobal
